
Microsoft Visual Studio Solution File, Format Version 12.00
# Visual Studio Version 17
VisualStudioVersion = 17.14.36127.28 d17.14
MinimumVisualStudioVersion = 10.0.40219.1
Project("{FAE04EC0-301F-11D3-BF4B-00C04F79EFBC}") = "BTN", "BTN.csproj", "{4F33BC0E-A0C9-48B6-9171-506487D409B3}"
EndProject
Global
	GlobalSection(SolutionConfigurationPlatforms) = preSolution
		Debug|Any CPU = Debug|Any CPU
		Release|Any CPU = Release|Any CPU
	EndGlobalSection
	GlobalSection(ProjectConfigurationPlatforms) = postSolution
		{4F33BC0E-A0C9-48B6-9171-506487D409B3}.Debug|Any CPU.ActiveCfg = Debug|Any CPU
		{4F33BC0E-A0C9-48B6-9171-506487D409B3}.Debug|Any CPU.Build.0 = Debug|Any CPU
		{4F33BC0E-A0C9-48B6-9171-506487D409B3}.Release|Any CPU.ActiveCfg = Release|Any CPU
		{4F33BC0E-A0C9-48B6-9171-506487D409B3}.Release|Any CPU.Build.0 = Release|Any CPU
	EndGlobalSection
	GlobalSection(SolutionProperties) = preSolution
		HideSolutionNode = FALSE
	EndGlobalSection
	GlobalSection(ExtensibilityGlobals) = postSolution
		SolutionGuid = {A48D7BCB-F3BD-4BEE-9141-B56FB0D47423}
	EndGlobalSection
EndGlobal
